
Microsoft Visual Studio Solution File, Format Version 11.00
# Visual Studio 2010
Project("{FAE04EC0-301F-11D3-BF4B-00C04F79EFBC}") = "RegisterSOE", "RegisterSOE\RegisterSOE.csproj", "{01E43CAE-EA8D-481A-AD2F-C1DE41BF5860}"
EndProject
Project("{FAE04EC0-301F-11D3-BF4B-00C04F79EFBC}") = "LayerMetadataSoe", "LayerMetadataSoe\LayerMetadataSoe.csproj", "{055416E1-BB40-4D51-B9A9-740C932EA59B}"
EndProject
Global
	GlobalSection(SolutionConfigurationPlatforms) = preSolution
		Debug|Any CPU = Debug|Any CPU
		Debug|x86 = Debug|x86
		Release|Any CPU = Release|Any CPU
		Release|x86 = Release|x86
	EndGlobalSection
	GlobalSection(ProjectConfigurationPlatforms) = postSolution
		{01E43CAE-EA8D-481A-AD2F-C1DE41BF5860}.Debug|Any CPU.ActiveCfg = Debug|Any CPU
		{01E43CAE-EA8D-481A-AD2F-C1DE41BF5860}.Debug|Any CPU.Build.0 = Debug|Any CPU
		{01E43CAE-EA8D-481A-AD2F-C1DE41BF5860}.Debug|x86.ActiveCfg = Debug|x86
		{01E43CAE-EA8D-481A-AD2F-C1DE41BF5860}.Debug|x86.Build.0 = Debug|x86
		{01E43CAE-EA8D-481A-AD2F-C1DE41BF5860}.Release|Any CPU.ActiveCfg = Release|Any CPU
		{01E43CAE-EA8D-481A-AD2F-C1DE41BF5860}.Release|Any CPU.Build.0 = Release|Any CPU
		{01E43CAE-EA8D-481A-AD2F-C1DE41BF5860}.Release|x86.ActiveCfg = Release|x86
		{01E43CAE-EA8D-481A-AD2F-C1DE41BF5860}.Release|x86.Build.0 = Release|x86
		{055416E1-BB40-4D51-B9A9-740C932EA59B}.Debug|Any CPU.ActiveCfg = Debug|Any CPU
		{055416E1-BB40-4D51-B9A9-740C932EA59B}.Debug|Any CPU.Build.0 = Debug|Any CPU
		{055416E1-BB40-4D51-B9A9-740C932EA59B}.Debug|x86.ActiveCfg = Debug|Any CPU
		{055416E1-BB40-4D51-B9A9-740C932EA59B}.Release|Any CPU.ActiveCfg = Release|Any CPU
		{055416E1-BB40-4D51-B9A9-740C932EA59B}.Release|Any CPU.Build.0 = Release|Any CPU
		{055416E1-BB40-4D51-B9A9-740C932EA59B}.Release|x86.ActiveCfg = Release|Any CPU
	EndGlobalSection
	GlobalSection(SolutionProperties) = preSolution
		HideSolutionNode = FALSE
	EndGlobalSection
EndGlobal
